// !$*UTF8*$!
{
	archiveVersion = 1;
	classes = {
	};
	objectVersion = 46;
	objects = {

/* Begin PBXBuildFile section */
		967D88321B41D4D3000476BE /* AppDelegate.swift in Sources */ = {isa = PBXBuildFile; fileRef = 967D88311B41D4D3000476BE /* AppDelegate.swift */; };
		967D88341B41D4D3000476BE /* ViewController.swift in Sources */ = {isa = PBXBuildFile; fileRef = 967D88331B41D4D3000476BE /* ViewController.swift */; };
		967D88371B41D4D3000476BE /* Main.storyboard in Resources */ = {isa = PBXBuildFile; fileRef = 967D88351B41D4D3000476BE /* Main.storyboard */; };
		967D88391B41D4D3000476BE /* Images.xcassets in Resources */ = {isa = PBXBuildFile; fileRef = 967D88381B41D4D3000476BE /* Images.xcassets */; };
		967D883C1B41D4D3000476BE /* LaunchScreen.xib in Resources */ = {isa = PBXBuildFile; fileRef = 967D883A1B41D4D3000476BE /* LaunchScreen.xib */; };
		967D88481B41D4D3000476BE /* TipCalculator_SwiftTests.swift in Sources */ = {isa = PBXBuildFile; fileRef = 967D88471B41D4D3000476BE /* TipCalculator_SwiftTests.swift */; };
		967D88541B4209B8000476BE /* TipCalculatorModel.swift in Sources */ = {isa = PBXBuildFile; fileRef = 967D88531B4209B8000476BE /* TipCalculatorModel.swift */; };
/* End PBXBuildFile section */

/* Begin PBXContainerItemProxy section */
		967D88421B41D4D3000476BE /* PBXContainerItemProxy */ = {
			isa = PBXContainerItemProxy;
			containerPortal = 967D88241B41D4D3000476BE /* Project object */;
			proxyType = 1;
			remoteGlobalIDString = 967D882B1B41D4D3000476BE;
			remoteInfo = "TipCalculator-Swift";
		};
/* End PBXContainerItemProxy section */

/* Begin PBXFileReference section */
		967D882C1B41D4D3000476BE /* TipCalculator-Swift.app */ = {isa = PBXFileReference; explicitFileType = wrapper.application; includeInIndex = 0; path = "TipCalculator-Swift.app"; sourceTree = BUILT_PRODUCTS_DIR; };
		967D88301B41D4D3000476BE /* Info.plist */ = {isa = PBXFileReference; lastKnownFileType = text.plist.xml; path = Info.plist; sourceTree = "<group>"; };
		967D88311B41D4D3000476BE /* AppDelegate.swift */ = {isa = PBXFileReference; lastKnownFileType = sourcecode.swift; path = AppDelegate.swift; sourceTree = "<group>"; };
		967D88331B41D4D3000476BE /* ViewController.swift */ = {isa = PBXFileReference; lastKnownFileType = sourcecode.swift; path = ViewController.swift; sourceTree = "<group>"; };
		967D88361B41D4D3000476BE /* Base */ = {isa = PBXFileReference; lastKnownFileType = file.storyboard; name = Base; path = Base.lproj/Main.storyboard; sourceTree = "<group>"; };
		967D88381B41D4D3000476BE /* Images.xcassets */ = {isa = PBXFileReference; lastKnownFileType = folder.assetcatalog; path = Images.xcassets; sourceTree = "<group>"; };
		967D883B1B41D4D3000476BE /* Base */ = {isa = PBXFileReference; lastKnownFileType = file.xib; name = Base; path = Base.lproj/LaunchScreen.xib; sourceTree = "<group>"; };
		967D88411B41D4D3000476BE /* TipCalculator-SwiftTests.xctest */ = {isa = PBXFileReference; explicitFileType = wrapper.cfbundle; includeInIndex = 0; path = "TipCalculator-SwiftTests.xctest"; sourceTree = BUILT_PRODUCTS_DIR; };
		967D88461B41D4D3000476BE /* Info.plist */ = {isa = PBXFileReference; lastKnownFileType = text.plist.xml; path = Info.plist; sourceTree = "<group>"; };
		967D88471B41D4D3000476BE /* TipCalculator_SwiftTests.swift */ = {isa = PBXFileReference; lastKnownFileType = sourcecode.swift; path = TipCalculator_SwiftTests.swift; sourceTree = "<group>"; };
		967D88531B4209B8000476BE /* TipCalculatorModel.swift */ = {isa = PBXFileReference; fileEncoding = 4; lastKnownFileType = sourcecode.swift; path = TipCalculatorModel.swift; sourceTree = "<group>"; };
/* End PBXFileReference section */

/* Begin PBXFrameworksBuildPhase section */
		967D88291B41D4D3000476BE /* Frameworks */ = {
			isa = PBXFrameworksBuildPhase;
			buildActionMask = 2147483647;
			files = (
			);
			runOnlyForDeploymentPostprocessing = 0;
		};
		967D883E1B41D4D3000476BE /* Frameworks */ = {
			isa = PBXFrameworksBuildPhase;
			buildActionMask = 2147483647;
			files = (
			);
			runOnlyForDeploymentPostprocessing = 0;
		};
/* End PBXFrameworksBuildPhase section */

/* Begin PBXGroup section */
		967D88231B41D4D3000476BE = {
			isa = PBXGroup;
			children = (
				967D882E1B41D4D3000476BE /* TipCalculator-Swift */,
				967D88441B41D4D3000476BE /* TipCalculator-SwiftTests */,
				967D882D1B41D4D3000476BE /* Products */,
			);
			sourceTree = "<group>";
		};
		967D882D1B41D4D3000476BE /* Products */ = {
			isa = PBXGroup;
			children = (
				967D882C1B41D4D3000476BE /* TipCalculator-Swift.app */,
				967D88411B41D4D3000476BE /* TipCalculator-SwiftTests.xctest */,
			);
			name = Products;
			sourceTree = "<group>";
		};
		967D882E1B41D4D3000476BE /* TipCalculator-Swift */ = {
			isa = PBXGroup;
			children = (
				967D88311B41D4D3000476BE /* AppDelegate.swift */,
				967D88331B41D4D3000476BE /* ViewController.swift */,
				967D88531B4209B8000476BE /* TipCalculatorModel.swift */,
				967D88351B41D4D3000476BE /* Main.storyboard */,
				967D88381B41D4D3000476BE /* Images.xcassets */,
				967D883A1B41D4D3000476BE /* LaunchScreen.xib */,
				967D882F1B41D4D3000476BE /* Supporting Files */,
			);
			path = "TipCalculator-Swift";
			sourceTree = "<group>";
		};
		967D882F1B41D4D3000476BE /* Supporting Files */ = {
			isa = PBXGroup;
			children = (
				967D88301B41D4D3000476BE /* Info.plist */,
			);
			name = "Supporting Files";
			sourceTree = "<group>";
		};
		967D88441B41D4D3000476BE /* TipCalculator-SwiftTests */ = {
			isa = PBXGroup;
			children = (
				967D88471B41D4D3000476BE /* TipCalculator_SwiftTests.swift */,
				967D88451B41D4D3000476BE /* Supporting Files */,
			);
			path = "TipCalculator-SwiftTests";
			sourceTree = "<group>";
		};
		967D88451B41D4D3000476BE /* Supporting Files */ = {
			isa = PBXGroup;
			children = (
				967D88461B41D4D3000476BE /* Info.plist */,
			);
			name = "Supporting Files";
			sourceTree = "<group>";
		};
/* End PBXGroup section */

/* Begin PBXNativeTarget section */
		967D882B1B41D4D3000476BE /* TipCalculator-Swift */ = {
			isa = PBXNativeTarget;
			buildConfigurationList = 967D884B1B41D4D3000476BE /* Build configuration list for PBXNativeTarget "TipCalculator-Swift" */;
			buildPhases = (
				967D88281B41D4D3000476BE /* Sources */,
				967D88291B41D4D3000476BE /* Frameworks */,
				967D882A1B41D4D3000476BE /* Resources */,
			);
			buildRules = (
			);
			dependencies = (
			);
			name = "TipCalculator-Swift";
			productName = "TipCalculator-Swift";
			productReference = 967D882C1B41D4D3000476BE /* TipCalculator-Swift.app */;
			productType = "com.apple.product-type.application";
		};
		967D88401B41D4D3000476BE /* TipCalculator-SwiftTests */ = {
			isa = PBXNativeTarget;
			buildConfigurationList = 967D884E1B41D4D3000476BE /* Build configuration list for PBXNativeTarget "TipCalculator-SwiftTests" */;
			buildPhases = (
				967D883D1B41D4D3000476BE /* Sources */,
				967D883E1B41D4D3000476BE /* Frameworks */,
				967D883F1B41D4D3000476BE /* Resources */,
			);
			buildRules = (
			);
			dependencies = (
				967D88431B41D4D3000476BE /* PBXTargetDependency */,
			);
			name = "TipCalculator-SwiftTests";
			productName = "TipCalculator-SwiftTests";
			productReference = 967D88411B41D4D3000476BE /* TipCalculator-SwiftTests.xctest */;
			productType = "com.apple.product-type.bundle.unit-test";
		};
/* End PBXNativeTarget section */

/* Begin PBXProject section */
		967D88241B41D4D3000476BE /* Project object */ = {
			isa = PBXProject;
			attributes = {
				LastUpgradeCheck = 0630;
				ORGANIZATIONNAME = "Ian Tsai";
				TargetAttributes = {
					967D882B1B41D4D3000476BE = {
						CreatedOnToolsVersion = 6.3.2;
					};
					967D88401B41D4D3000476BE = {
						CreatedOnToolsVersion = 6.3.2;
						TestTargetID = 967D882B1B41D4D3000476BE;
					};
				};
			};
			buildConfigurationList = 967D88271B41D4D3000476BE /* Build configuration list for PBXProject "TipCalculator-Swift" */;
			compatibilityVersion = "Xcode 3.2";
			developmentRegion = English;
			hasScannedForEncodings = 0;
			knownRegions = (
				en,
				Base,
			);
			mainGroup = 967D88231B41D4D3000476BE;
			productRefGroup = 967D882D1B41D4D3000476BE /* Products */;
			projectDirPath = "";
			projectRoot = "";
			targets = (
				967D882B1B41D4D3000476BE /* TipCalculator-Swift */,
				967D88401B41D4D3000476BE /* TipCalculator-SwiftTests */,
			);
		};
/* End PBXProject section */

/* Begin PBXResourcesBuildPhase section */
		967D882A1B41D4D3000476BE /* Resources */ = {
			isa = PBXResourcesBuildPhase;
			buildActionMask = 2147483647;
			files = (
				967D88371B41D4D3000476BE /* Main.storyboard in Resources */,
				967D883C1B41D4D3000476BE /* LaunchScreen.xib in Resources */,
				967D88391B41D4D3000476BE /* Images.xcassets in Resources */,
			);
			runOnlyForDeploymentPostprocessing = 0;
		};
		967D883F1B41D4D3000476BE /* Resources */ = {
			isa = PBXResourcesBuildPhase;
			buildActionMask = 2147483647;
			files = (
			);
			runOnlyForDeploymentPostprocessing = 0;
		};
/* End PBXResourcesBuildPhase section */

/* Begin PBXSourcesBuildPhase section */
		967D88281B41D4D3000476BE /* Sources */ = {
			isa = PBXSourcesBuildPhase;
			buildActionMask = 2147483647;
			files = (
				967D88541B4209B8000476BE /* TipCalculatorModel.swift in Sources */,
				967D88341B41D4D3000476BE /* ViewController.swift in Sources */,
				967D88321B41D4D3000476BE /* AppDelegate.swift in Sources */,
			);
			runOnlyForDeploymentPostprocessing = 0;
		};
		967D883D1B41D4D3000476BE /* Sources */ = {
			isa = PBXSourcesBuildPhase;
			buildActionMask = 2147483647;
			files = (
				967D88481B41D4D3000476BE /* TipCalculator_SwiftTests.swift in Sources */,
			);
			runOnlyForDeploymentPostprocessing = 0;
		};
/* End PBXSourcesBuildPhase section */

/* Begin PBXTargetDependency section */
		967D88431B41D4D3000476BE /* PBXTargetDependency */ = {
			isa = PBXTargetDependency;
			target = 967D882B1B41D4D3000476BE /* TipCalculator-Swift */;
			targetProxy = 967D88421B41D4D3000476BE /* PBXContainerItemProxy */;
		};
/* End PBXTargetDependency section */

/* Begin PBXVariantGroup section */
		967D88351B41D4D3000476BE /* Main.storyboard */ = {
			isa = PBXVariantGroup;
			children = (
				967D88361B41D4D3000476BE /* Base */,
			);
			name = Main.storyboard;
			sourceTree = "<group>";
		};
		967D883A1B41D4D3000476BE /* LaunchScreen.xib */ = {
			isa = PBXVariantGroup;
			children = (
				967D883B1B41D4D3000476BE /* Base */,
			);
			name = LaunchScreen.xib;
			sourceTree = "<group>";
		};
/* End PBXVariantGroup section */

/* Begin XCBuildConfiguration section */
		967D88491B41D4D3000476BE /* Debug */ = {
			isa = XCBuildConfiguration;
			buildSettings = {
				ALWAYS_SEARCH_USER_PATHS = NO;
				CLANG_CXX_LANGUAGE_STANDARD = "gnu++0x";
				CLANG_CXX_LIBRARY = "libc++";
				CLANG_ENABLE_MODULES = YES;
				CLANG_ENABLE_OBJC_ARC = YES;
				CLANG_WARN_BOOL_CONVERSION = YES;
				CLANG_WARN_CONSTANT_CONVERSION = YES;
				CLANG_WARN_DIRECT_OBJC_ISA_USAGE = YES_ERROR;
				CLANG_WARN_EMPTY_BODY = YES;
				CLANG_WARN_ENUM_CONVERSION = YES;
				CLANG_WARN_INT_CONVERSION = YES;
				CLANG_WARN_OBJC_ROOT_CLASS = YES_ERROR;
				CLANG_WARN_UNREACHABLE_CODE = YES;
				CLANG_WARN__DUPLICATE_METHOD_MATCH = YES;
				"CODE_SIGN_IDENTITY[sdk=iphoneos*]" = "iPhone Developer";
				COPY_PHASE_STRIP = NO;
				DEBUG_INFORMATION_FORMAT = "dwarf-with-dsym";
				ENABLE_STRICT_OBJC_MSGSEND = YES;
				GCC_C_LANGUAGE_STANDARD = gnu99;
				GCC_DYNAMIC_NO_PIC = NO;
				GCC_NO_COMMON_BLOCKS = YES;
				GCC_OPTIMIZATION_LEVEL = 0;
				GCC_PREPROCESSOR_DEFINITIONS = (
					"DEBUG=1",
					"$(inherited)",
				);
				GCC_SYMBOLS_PRIVATE_EXTERN = NO;
				GCC_WARN_64_TO_32_BIT_CONVERSION = YES;
				GCC_WARN_ABOUT_RETURN_TYPE = YES_ERROR;
				GCC_WARN_UNDECLARED_SELECTOR = YES;
				GCC_WARN_UNINITIALIZED_AUTOS = YES_AGGRESSIVE;
				GCC_WARN_UNUSED_FUNCTION = YES;
				GCC_WARN_UNUSED_VARIABLE = YES;
				IPHONEOS_DEPLOYMENT_TARGET = 8.3;
				MTL_ENABLE_DEBUG_INFO = YES;
				ONLY_ACTIVE_ARCH = YES;
				SDKROOT = iphoneos;
				SWIFT_OPTIMIZATION_LEVEL = "-Onone";
			};
			name = Debug;
		};
		967D884A1B41D4D3000476BE /* Release */ = {
			isa = XCBuildConfiguration;
			buildSettings = {
				ALWAYS_SEARCH_USER_PATHS = NO;
				CLANG_CXX_LANGUAGE_STANDARD = "gnu++0x";
				CLANG_CXX_LIBRARY = "libc++";
				CLANG_ENABLE_MODULES = YES;
				CLANG_ENABLE_OBJC_ARC = YES;
				CLANG_WARN_BOOL_CONVERSION = YES;
				CLANG_WARN_CONSTANT_CONVERSION = YES;
				CLANG_WARN_DIRECT_OBJC_ISA_USAGE = YES_ERROR;
				CLANG_WARN_EMPTY_BODY = YES;
				CLANG_WARN_ENUM_CONVERSION = YES;
				CLANG_WARN_INT_CONVERSION = YES;
				CLANG_WARN_OBJC_ROOT_CLASS = YES_ERROR;
				CLANG_WARN_UNREACHABLE_CODE = YES;
				CLANG_WARN__DUPLICATE_METHOD_MATCH = YES;
				"CODE_SIGN_IDENTITY[sdk=iphoneos*]" = "iPhone Developer";
				COPY_PHASE_STRIP = NO;
				DEBUG_INFORMATION_FORMAT = "dwarf-with-dsym";
				ENABLE_NS_ASSERTIONS = NO;
				ENABLE_STRICT_OBJC_MSGSEND = YES;
				GCC_C_LANGUAGE_STANDARD = gnu99;
				GCC_NO_COMMON_BLOCKS = YES;
				GCC_WARN_64_TO_32_BIT_CONVERSION = YES;
				GCC_WARN_ABOUT_RETURN_TYPE = YES_ERROR;
				GCC_WARN_UNDECLARED_SELECTOR = YES;
				GCC_WARN_UNINITIALIZED_AUTOS = YES_AGGRESSIVE;
				GCC_WARN_UNUSED_FUNCTION = YES;
				GCC_WARN_UNUSED_VARIABLE = YES;
				IPHONEOS_DEPLOYMENT_TARGET = 8.3;
				MTL_ENABLE_DEBUG_INFO = NO;
				SDKROOT = iphoneos;
				VALIDATE_PRODUCT = YES;
			};
			name = Release;
		};
		967D884C1B41D4D3000476BE /* Debug */ = {
			isa = XCBuildConfiguration;
			buildSettings = {
				ASSETCATALOG_COMPILER_APPICON_NAME = AppIcon;
				INFOPLIST_FILE = "TipCalculator-Swift/Info.plist";
				LD_RUNPATH_SEARCH_PATHS = "$(inherited) @executable_path/Frameworks";
				PRODUCT_NAME = "$(TARGET_NAME)";
			};
			name = Debug;
		};
		967D884D1B41D4D3000476BE /* Release */ = {
			isa = XCBuildConfiguration;
			buildSettings = {
				ASSETCATALOG_COMPILER_APPICON_NAME = AppIcon;
				INFOPLIST_FILE = "TipCalculator-Swift/Info.plist";
				LD_RUNPATH_SEARCH_PATHS = "$(inherited) @executable_path/Frameworks";
				PRODUCT_NAME = "$(TARGET_NAME)";
			};
			name = Release;
		};
		967D884F1B41D4D3000476BE /* Debug */ = {
			isa = XCBuildConfiguration;
			buildSettings = {
				BUNDLE_LOADER = "$(TEST_HOST)";
				FRAMEWORK_SEARCH_PATHS = (
					"$(SDKROOT)/Developer/Library/Frameworks",
					"$(inherited)",
				);
				GCC_PREPROCESSOR_DEFINITIONS = (
					"DEBUG=1",
					"$(inherited)",
				);
				INFOPLIST_FILE = "TipCalculator-SwiftTests/Info.plist";
				LD_RUNPATH_SEARCH_PATHS = "$(inherited) @executable_path/Frameworks @loader_path/Frameworks";
				PRODUCT_NAME = "$(TARGET_NAME)";
				TEST_HOST = "$(BUILT_PRODUCTS_DIR)/TipCalculator-Swift.app/TipCalculator-Swift";
			};
			name = Debug;
		};
		967D88501B41D4D3000476BE /* Release */ = {
			isa = XCBuildConfiguration;
			buildSettings = {
				BUNDLE_LOADER = "$(TEST_HOST)";
				FRAMEWORK_SEARCH_PATHS = (
					"$(SDKROOT)/Developer/Library/Frameworks",
					"$(inherited)",
				);
				INFOPLIST_FILE = "TipCalculator-SwiftTests/Info.plist";
				LD_RUNPATH_SEARCH_PATHS = "$(inherited) @executable_path/Frameworks @loader_path/Frameworks";
				PRODUCT_NAME = "$(TARGET_NAME)";
				TEST_HOST = "$(BUILT_PRODUCTS_DIR)/TipCalculator-Swift.app/TipCalculator-Swift";
			};
			name = Release;
		};
/* End XCBuildConfiguration section */

/* Begin XCConfigurationList section */
		967D88271B41D4D3000476BE /* Build configuration list for PBXProject "TipCalculator-Swift" */ = {
			isa = XCConfigurationList;
			buildConfigurations = (
				967D88491B41D4D3000476BE /* Debug */,
				967D884A1B41D4D3000476BE /* Release */,
			);
			defaultConfigurationIsVisible = 0;
			defaultConfigurationName = Release;
		};
		967D884B1B41D4D3000476BE /* Build configuration list for PBXNativeTarget "TipCalculator-Swift" */ = {
			isa = XCConfigurationList;
			buildConfigurations = (
				967D884C1B41D4D3000476BE /* Debug */,
				967D884D1B41D4D3000476BE /* Release */,
			);
			defaultConfigurationIsVisible = 0;
		};
		967D884E1B41D4D3000476BE /* Build configuration list for PBXNativeTarget "TipCalculator-SwiftTests" */ = {
			isa = XCConfigurationList;
			buildConfigurations = (
				967D884F1B41D4D3000476BE /* Debug */,
				967D88501B41D4D3000476BE /* Release */,
			);
			defaultConfigurationIsVisible = 0;
		};
/* End XCConfigurationList section */
	};
	rootObject = 967D88241B41D4D3000476BE /* Project object */;
}
